
Microsoft Visual Studio Solution File, Format Version 12.00
# Visual Studio 2012
Project("{FAE04EC0-301F-11D3-BF4B-00C04F79EFBC}") = "Jamijo", "Jamijo.csproj", "{C9E29904-24EE-4562-B124-19F2EEEB7CAB}"
EndProject
Global
	GlobalSection(SolutionConfigurationPlatforms) = preSolution
		Debug|Any CPU = Debug|Any CPU
		Release|Any CPU = Release|Any CPU
	EndGlobalSection
	GlobalSection(ProjectConfigurationPlatforms) = postSolution
		{C9E29904-24EE-4562-B124-19F2EEEB7CAB}.Debug|Any CPU.ActiveCfg = Debug|Any CPU
		{C9E29904-24EE-4562-B124-19F2EEEB7CAB}.Debug|Any CPU.Build.0 = Debug|Any CPU
		{C9E29904-24EE-4562-B124-19F2EEEB7CAB}.Release|Any CPU.ActiveCfg = Release|Any CPU
		{C9E29904-24EE-4562-B124-19F2EEEB7CAB}.Release|Any CPU.Build.0 = Release|Any CPU
	EndGlobalSection
	GlobalSection(SolutionProperties) = preSolution
		HideSolutionNode = FALSE
	EndGlobalSection
EndGlobal
